# THIS IS AN AUTOGENERATED FILE. DO NOT EDIT THIS FILE DIRECTLY.
# yarn lockfile v1


"@babel/runtime@^7.1.2":
  version "7.1.5"
  resolved "https://registry.yarnpkg.com/@babel/runtime/-/runtime-7.1.5.tgz#4170907641cf1f61508f563ece3725150cc6fe39"
  integrity sha512-xKnPpXG/pvK1B90JkwwxSGii90rQGKtzcMt2gI5G6+M0REXaq6rOHsGC2ay6/d0Uje7zzvSzjEzfR3ENhFlrfA==
  dependencies:
    regenerator-runtime "^0.12.0"

"@shopify/app-bridge@^0.7.3":
  version "0.7.3"
  resolved "https://registry.yarnpkg.com/@shopify/app-bridge/-/app-bridge-0.7.3.tgz#abadfa2ef6293f630764bc5ddca31750caf00f1c"
  integrity sha512-xDkYvVvN8Gxy3JZduoT4Ohrl6fAuW+wEfhfL+qPzysu0LuJZ7CKgVCdEazPmtcI+V4GQPQLYLzcbCn3mWFU8dg==

"@shopify/images@^1.1.0":
  version "1.1.5"
  resolved "https://registry.yarnpkg.com/@shopify/images/-/images-1.1.5.tgz#f7ae5d5801b4550085480825ceda66420d9ff700"
  integrity sha512-DIPOT6ACpmsqYwvh0TQ48PgmZFceuoV8imrxfmCK6HD+zWcE6TWfunKaGEo0DkkdsS+6guGd/aJXe9m+dyBvdQ==

"@shopify/javascript-utilities@^2.1.0", "@shopify/javascript-utilities@^2.2.0":
  version "2.2.1"
  resolved "https://registry.yarnpkg.com/@shopify/javascript-utilities/-/javascript-utilities-2.2.1.tgz#7f699d414d2784d176e5d8d6ba1113e0838086e6"
  integrity sha512-szqIv9Sg7IJ3M/6uBh+yDvaaQ1wUAoBTx60I+hExnI3WhaRz03FQK+jnR3eNoisRZFmbsglxVVYUHJHlZoSvqQ==
  dependencies:
    "@types/lodash" "^4.14.65"
    "@types/react" "^16.0.2"
    lodash "^4.17.4"
    lodash-decorators "^4.3.5"

"@shopify/polaris-tokens@^1.2.0":
  version "1.3.1"
  resolved "https://registry.yarnpkg.com/@shopify/polaris-tokens/-/polaris-tokens-1.3.1.tgz#e4cd1feaa2a886867332a3829ec331ebf5a19bcb"
  integrity sha512-f12PjjCDBxHyT063aPLnWi/PVslCfRAdhaAlFGu0IXxdZE5C6tw5P8w/uYHaPxxLpZS0K/WBFXgsRJDo20Dy8w==

"@shopify/polaris@^3.0.0":
  version "3.0.0"
  resolved "https://registry.yarnpkg.com/@shopify/polaris/-/polaris-3.0.0.tgz#b220f1c81a6f9581d8c27e6b80bc584cdf11fc7b"
  integrity sha512-1Ltm7WHOI1bSijVTJv0GIrFo9geY00FpHznBkLsZL8QzB85WaL0tu+iHhWUsxNRZXnkB+zMAS2X0vSJw4nCDWw==
  dependencies:
    "@shopify/app-bridge" "^0.7.3"
    "@shopify/images" "^1.1.0"
    "@shopify/javascript-utilities" "^2.2.0"
    "@shopify/polaris-tokens" "^1.2.0"
    "@shopify/react-compose" "^0.1.6"
    "@shopify/react-html" "^3.0.3"
    "@shopify/react-utilities" "^2.0.3"
    "@types/prop-types" "^15.5.5"
    "@types/react" "^16.4.7"
    "@types/react-dom" "^16.0.6"
    "@types/react-transition-group" "^2.0.7"
    babel-runtime "^6.23.0"
    core-js "^2.5.1"
    hoist-non-react-statics "^2.5.0"
    lodash "^4.17.4"
    lodash-decorators "^4.3.5"
    prop-types "^15.6.1"
    react-transition-group "^2.4.0"
    tslib "^1.8.0"

"@shopify/react-compose@^0.1.6":
  version "0.1.8"
  resolved "https://registry.yarnpkg.com/@shopify/react-compose/-/react-compose-0.1.8.tgz#cbe8e8e289a9521a08b56bbf9b545f6866945e61"
  integrity sha512-qhrfzlTTyeF+TJZLq3sIlZbnSfTMHyBKQJJhl/jN5G8YTvfKQKfU3tAzpBMR91AiXKiOOs+QQ/wp+0lfcx0urQ==
  dependencies:
    hoist-non-react-statics "^3.0.1"

"@shopify/react-html@^3.0.3":
  version "3.0.6"
  resolved "https://registry.yarnpkg.com/@shopify/react-html/-/react-html-3.0.6.tgz#49d8ba0d582eefdda027c19b49297649c24a948c"
  integrity sha512-wFIcDYLCHDWRQ7l9CrK7IV3qXA7vzufh4dRg1bAsOmvat4d9zVHzodQ3jz5JlhEKPpbdUf0PARFBPkgezjmb5A==
  dependencies:
    "@shopify/react-serialize" "^1.0.8"
    react-helmet "^5.2.0"

"@shopify/react-serialize@^1.0.8":
  version "1.0.9"
  resolved "https://registry.yarnpkg.com/@shopify/react-serialize/-/react-serialize-1.0.9.tgz#3d1fa7172e7bfb62b0f90fb6a77d27d6bdf71b3c"
  integrity sha512-+LBi4AcaChCwVE1e1Xe25jtw1GJ/lFVGECGo7TSCRv0oEabHPeWOvgzM/V+EFPw/LXmMOgtdAf+6e8ke4HYrqw==
  dependencies:
    serialize-javascript "^1.5.0"

"@shopify/react-utilities@^2.0.3":
  version "2.0.3"
  resolved "https://registry.yarnpkg.com/@shopify/react-utilities/-/react-utilities-2.0.3.tgz#424421e7202b402ec7934c137b5b7e035fbeb33c"
  integrity sha512-Mq0xbWPlufbx7ABH7cup2SQYVmhBFO6bAdAWUEkh8mWY56l2Bpb+VUffmwYmxxcBvtej/lgCCBvG60Vrxcb66g==
  dependencies:
    "@shopify/javascript-utilities" "^2.1.0"
    "@types/classnames" "^2.2.3"
    "@types/node" "^10.0.8"
    "@types/react" "^16.3.14"
    "@types/react-dom" "^16.0.5"
    classnames "^2.2.5"
    core-js "^2.5.6"

"@types/classnames@^2.2.3":
  version "2.2.6"
  resolved "https://registry.yarnpkg.com/@types/classnames/-/classnames-2.2.6.tgz#dbe8a666156d556ed018e15a4c65f08937c3f628"
  integrity sha512-XHcYvVdbtAxVstjKxuULYqYaWIzHR15yr1pZj4fnGChuBVJlIAp9StJna0ZJNSgxPh4Nac2FL4JM3M11Tm6fqQ==

"@types/lodash@^4.14.65":
  version "4.14.118"
  resolved "https://registry.yarnpkg.com/@types/lodash/-/lodash-4.14.118.tgz#247bab39bfcc6d910d4927c6e06cbc70ec376f27"
  integrity sha512-iiJbKLZbhSa6FYRip/9ZDX6HXhayXLDGY2Fqws9cOkEQ6XeKfaxB0sC541mowZJueYyMnVUmmG+al5/4fCDrgw==

"@types/node@*", "@types/node@^10.0.8":
  version "10.12.5"
  resolved "https://registry.yarnpkg.com/@types/node/-/node-10.12.5.tgz#7e7ea1a9b34d2c8d704cb0b755dffbcda34741ad"
  integrity sha512-GzdHjq3t3eGLMv92Al90Iq+EoLL+86mPfQhuglbBFO7HiLdC/rkt+zrzJJumAiBF6nsrBWhou22rPW663AAyFw==

"@types/prop-types@*", "@types/prop-types@^15.5.5":
  version "15.5.6"
  resolved "https://registry.yarnpkg.com/@types/prop-types/-/prop-types-15.5.6.tgz#9c03d3fed70a8d517c191b7734da2879b50ca26c"
  integrity sha512-ZBFR7TROLVzCkswA3Fmqq+IIJt62/T7aY/Dmz+QkU7CaW2QFqAitCE8Ups7IzmGhcN1YWMBT4Qcoc07jU9hOJQ==

"@types/react-dom@^16.0.5", "@types/react-dom@^16.0.6":
  version "16.0.9"
  resolved "https://registry.yarnpkg.com/@types/react-dom/-/react-dom-16.0.9.tgz#73ceb7abe6703822eab6600e65c5c52efd07fb91"
  integrity sha512-4Z0bW+75zeQgsEg7RaNuS1k9MKhci7oQqZXxrV5KUGIyXZHHAAL3KA4rjhdH8o6foZ5xsRMSqkoM5A3yRVPR5w==
  dependencies:
    "@types/node" "*"
    "@types/react" "*"

"@types/react-transition-group@^2.0.7":
  version "2.0.14"
  resolved "https://registry.yarnpkg.com/@types/react-transition-group/-/react-transition-group-2.0.14.tgz#afd0cd785a97f070b55765e9f9d76ff568269001"
  integrity sha512-pa7qB0/mkhwWMBFoXhX8BcntK8G4eQl4sIfSrJCxnivTYRQWjOWf2ClR9bWdm0EUFBDHzMbKYS+QYfDtBzkY4w==
  dependencies:
    "@types/react" "*"

"@types/react@*", "@types/react@^16.0.2", "@types/react@^16.3.14", "@types/react@^16.4.7":
  version "16.7.1"
  resolved "https://registry.yarnpkg.com/@types/react/-/react-16.7.1.tgz#ae76b653d1d7d26b32186bba33c39745316bcdc4"
  integrity sha512-kxde2oP2JvHiEXiAfb8WkL+8Aa9txDRD7L8zb3BipMNRoBbcr32xy/kfpbxmWMus71yXgJDqBgLmWil6UXdLzQ==
  dependencies:
    "@types/prop-types" "*"
    csstype "^2.2.0"

babel-runtime@^6.23.0:
  version "6.26.0"
  resolved "https://registry.yarnpkg.com/babel-runtime/-/babel-runtime-6.26.0.tgz#965c7058668e82b55d7bfe04ff2337bc8b5647fe"
  integrity sha1-llxwWGaOgrVde/4E/yM3vItWR/4=
  dependencies:
    core-js "^2.4.0"
    regenerator-runtime "^0.11.0"

classnames@^2.2.5:
  version "2.2.6"
  resolved "https://registry.yarnpkg.com/classnames/-/classnames-2.2.6.tgz#43935bffdd291f326dad0a205309b38d00f650ce"
  integrity sha512-JR/iSQOSt+LQIWwrwEzJ9uk0xfN3mTVYMwt1Ir5mUcSN6pU+V4zQFFaJsclJbPuAUQH+yfWef6tm7l1quW3C8Q==

core-js@^2.4.0, core-js@^2.5.1, core-js@^2.5.6:
  version "2.5.7"
  resolved "https://registry.yarnpkg.com/core-js/-/core-js-2.5.7.tgz#f972608ff0cead68b841a16a932d0b183791814e"
  integrity sha512-RszJCAxg/PP6uzXVXL6BsxSXx/B05oJAQ2vkJRjyjrEcNVycaqOmNb5OTxZPE3xa5gwZduqza6L9JOCenh/Ecw==

csstype@^2.2.0:
  version "2.5.7"
  resolved "https://registry.yarnpkg.com/csstype/-/csstype-2.5.7.tgz#bf9235d5872141eccfb2d16d82993c6b149179ff"
  integrity sha512-Nt5VDyOTIIV4/nRFswoCKps1R5CD1hkiyjBE9/thNaNZILLEviVw9yWQw15+O+CpNjQKB/uvdcxFFOrSflY3Yw==

deep-equal@^1.0.1:
  version "1.0.1"
  resolved "https://registry.yarnpkg.com/deep-equal/-/deep-equal-1.0.1.tgz#f5d260292b660e084eff4cdbc9f08ad3247448b5"
  integrity sha1-9dJgKStmDghO/0zbyfCK0yR0SLU=

dom-helpers@^3.3.1:
  version "3.4.0"
  resolved "https://registry.yarnpkg.com/dom-helpers/-/dom-helpers-3.4.0.tgz#e9b369700f959f62ecde5a6babde4bccd9169af8"
  integrity sha512-LnuPJ+dwqKDIyotW1VzmOZ5TONUN7CwkCR5hrgawTUbkBGYdeoNLZo6nNfGkCrjtE1nXXaj7iMMpDa8/d9WoIA==
  dependencies:
    "@babel/runtime" "^7.1.2"

exenv@^1.2.1:
  version "1.2.2"
  resolved "https://registry.yarnpkg.com/exenv/-/exenv-1.2.2.tgz#2ae78e85d9894158670b03d47bec1f03bd91bb9d"
  integrity sha1-KueOhdmJQVhnCwPUe+wfA72Ru50=

hoist-non-react-statics@^2.5.0:
  version "2.5.5"
  resolved "https://registry.yarnpkg.com/hoist-non-react-statics/-/hoist-non-react-statics-2.5.5.tgz#c5903cf409c0dfd908f388e619d86b9c1174cb47"
  integrity sha512-rqcy4pJo55FTTLWt+bU8ukscqHeE/e9KWvsOW2b/a3afxQZhwkQdT1rPPCJ0rYXdj4vNcasY8zHTH+jF/qStxw==

hoist-non-react-statics@^3.0.1:
  version "3.1.0"
  resolved "https://registry.yarnpkg.com/hoist-non-react-statics/-/hoist-non-react-statics-3.1.0.tgz#42414ccdfff019cd2168168be998c7b3bd5245c0"
  integrity sha512-MYcYuROh7SBM69xHGqXEwQqDux34s9tz+sCnxJmN18kgWh6JFdTw/5YdZtqsOdZJXddE/wUpCzfEdDrJj8p0Iw==
  dependencies:
    react-is "^16.3.2"

"js-tokens@^3.0.0 || ^4.0.0":
  version "4.0.0"
  resolved "https://registry.yarnpkg.com/js-tokens/-/js-tokens-4.0.0.tgz#19203fb59991df98e3a287050d4647cdeaf32499"
  integrity sha512-RdJUflcE3cUzKiMqQgsCu06FPu9UdIJO0beYbPhHN4k6apgJtifcoCtT9bcxOpYBtpD2kCM6Sbzg4CausW/PKQ==

lodash-decorators@^4.3.5:
  version "4.5.0"
  resolved "https://registry.yarnpkg.com/lodash-decorators/-/lodash-decorators-4.5.0.tgz#a4bb63dfbb512f0dd9409f7af452e4e2edcb80f4"
  integrity sha512-isfVBBSzzXu7Z6abY/Bit5hCbM+gPhQx/DluTPAmzUPF3KRtvLLRNBgVFUxw6B8vwTMGyQFRVqbvQBli9hsXZA==
  dependencies:
    tslib "^1.7.1"

lodash@^4.17.4:
  version "4.17.11"
  resolved "https://registry.yarnpkg.com/lodash/-/lodash-4.17.11.tgz#b39ea6229ef607ecd89e2c8df12536891cac9b8d"
  integrity sha512-cQKh8igo5QUhZ7lg38DYWAxMvjSAKG0A8wGSVimP07SIUEK2UO+arSRKbRZWtelMtN5V0Hkwh5ryOto/SshYIg==

loose-envify@^1.3.1, loose-envify@^1.4.0:
  version "1.4.0"
  resolved "https://registry.yarnpkg.com/loose-envify/-/loose-envify-1.4.0.tgz#71ee51fa7be4caec1a63839f7e682d8132d30caf"
  integrity sha512-lyuxPGr/Wfhrlem2CL/UcnUc1zcqKAImBDzukY7Y5F/yQiNdko6+fRLevlw1HgMySw7f611UIY408EtxRSoK3Q==
  dependencies:
    js-tokens "^3.0.0 || ^4.0.0"

object-assign@^4.1.1:
  version "4.1.1"
  resolved "https://registry.yarnpkg.com/object-assign/-/object-assign-4.1.1.tgz#2109adc7965887cfc05cbbd442cac8bfbb360863"
  integrity sha1-IQmtx5ZYh8/AXLvUQsrIv7s2CGM=

prop-types@^15.5.4, prop-types@^15.6.1, prop-types@^15.6.2:
  version "15.6.2"
  resolved "https://registry.yarnpkg.com/prop-types/-/prop-types-15.6.2.tgz#05d5ca77b4453e985d60fc7ff8c859094a497102"
  integrity sha512-3pboPvLiWD7dkI3qf3KbUe6hKFKa52w+AE0VCqECtf+QHAKgOL37tTaNCnuX1nAAQ4ZhyP+kYVKf8rLmJ/feDQ==
  dependencies:
    loose-envify "^1.3.1"
    object-assign "^4.1.1"

react-helmet@^5.2.0:
  version "5.2.0"
  resolved "https://registry.yarnpkg.com/react-helmet/-/react-helmet-5.2.0.tgz#a81811df21313a6d55c5f058c4aeba5d6f3d97a7"
  integrity sha1-qBgR3yExOm1VxfBYxK66XW89l6c=
  dependencies:
    deep-equal "^1.0.1"
    object-assign "^4.1.1"
    prop-types "^15.5.4"
    react-side-effect "^1.1.0"

react-is@^16.3.2:
  version "16.6.1"
  resolved "https://registry.yarnpkg.com/react-is/-/react-is-16.6.1.tgz#f77b1c3d901be300abe8d58645b7a59e794e5982"
  integrity sha512-wOKsGtvTMYs7WAscmwwdM8sfRRvE17Ym30zFj3n37Qx5tHRfhenPKEPILHaHob6WoLFADmQm1ZNrE5xMCM6sCw==

react-lifecycles-compat@^3.0.4:
  version "3.0.4"
  resolved "https://registry.yarnpkg.com/react-lifecycles-compat/-/react-lifecycles-compat-3.0.4.tgz#4f1a273afdfc8f3488a8c516bfda78f872352362"
  integrity sha512-fBASbA6LnOU9dOU2eW7aQ8xmYBSXUIWr+UmF9b1efZBazGNO+rcXT/icdKnYm2pTwcRylVUYwW7H1PHfLekVzA==

react-side-effect@^1.1.0:
  version "1.1.5"
  resolved "https://registry.yarnpkg.com/react-side-effect/-/react-side-effect-1.1.5.tgz#f26059e50ed9c626d91d661b9f3c8bb38cd0ff2d"
  integrity sha512-Z2ZJE4p/jIfvUpiUMRydEVpQRf2f8GMHczT6qLcARmX7QRb28JDBTpnM2g/i5y/p7ZDEXYGHWg0RbhikE+hJRw==
  dependencies:
    exenv "^1.2.1"
    shallowequal "^1.0.1"

react-transition-group@^2.4.0:
  version "2.5.0"
  resolved "https://registry.yarnpkg.com/react-transition-group/-/react-transition-group-2.5.0.tgz#70bca0e3546102c4dc5cf3f5f57f73447cce6874"
  integrity sha512-qYB3JBF+9Y4sE4/Mg/9O6WFpdoYjeeYqx0AFb64PTazVy8RPMiE3A47CG9QmM4WJ/mzDiZYslV+Uly6O1Erlgw==
  dependencies:
    dom-helpers "^3.3.1"
    loose-envify "^1.4.0"
    prop-types "^15.6.2"
    react-lifecycles-compat "^3.0.4"

regenerator-runtime@^0.11.0:
  version "0.11.1"
  resolved "https://registry.yarnpkg.com/regenerator-runtime/-/regenerator-runtime-0.11.1.tgz#be05ad7f9bf7d22e056f9726cee5017fbf19e2e9"
  integrity sha512-MguG95oij0fC3QV3URf4V2SDYGJhJnJGqvIIgdECeODCT98wSWDAJ94SSuVpYQUoTcGUIL6L4yNB7j1DFFHSBg==

regenerator-runtime@^0.12.0:
  version "0.12.1"
  resolved "https://registry.yarnpkg.com/regenerator-runtime/-/regenerator-runtime-0.12.1.tgz#fa1a71544764c036f8c49b13a08b2594c9f8a0de"
  integrity sha512-odxIc1/vDlo4iZcfXqRYFj0vpXFNoGdKMAUieAlFYO6m/nl5e9KR/beGf41z4a1FI+aQgtjhuaSlDxQ0hmkrHg==

serialize-javascript@^1.5.0:
  version "1.5.0"
  resolved "https://registry.yarnpkg.com/serialize-javascript/-/serialize-javascript-1.5.0.tgz#1aa336162c88a890ddad5384baebc93a655161fe"
  integrity sha512-Ga8c8NjAAp46Br4+0oZ2WxJCwIzwP60Gq1YPgU+39PiTVxyed/iKE/zyZI6+UlVYH5Q4PaQdHhcegIFPZTUfoQ==

shallowequal@^1.0.1:
  version "1.1.0"
  resolved "https://registry.yarnpkg.com/shallowequal/-/shallowequal-1.1.0.tgz#188d521de95b9087404fd4dcb68b13df0ae4e7f8"
  integrity sha512-y0m1JoUZSlPAjXVtPPW70aZWfIL/dSP7AFkRnniLCrK/8MDKog3TySTBmckD+RObVxH0v4Tox67+F14PdED2oQ==

tslib@^1.7.1, tslib@^1.8.0:
  version "1.9.3"
  resolved "https://registry.yarnpkg.com/tslib/-/tslib-1.9.3.tgz#d7e4dd79245d85428c4d7e4822a79917954ca286"
  integrity sha512-4krF8scpejhaOgqzBEcGM7yDIEfi0/8+8zDRZhNZZ2kjmHJ4hv3zCbQWxoJGz1iw5U0Jl0nma13xzHXcncMavQ==
